
Microsoft Visual Studio Solution File, Format Version 12.00
# Visual Studio 14
VisualStudioVersion = 14.0.25420.1
MinimumVisualStudioVersion = 10.0.40219.1
Project("{8BC9CEB8-8B4A-11D0-8D11-00A0C91BC942}") = "DataMatrix Quality Test", "DataMatrix Quality Test\DataMatrix Quality Test.vcxproj", "{3D15F3FB-AB4D-49F1-935C-4893E11257F9}"
EndProject
Project("{8BC9CEB8-8B4A-11D0-8D11-00A0C91BC942}") = "Gray Image Erosion and Dilition", "Gray Image Erosion and Dilition\Gray Image Erosion and Dilition.vcxproj", "{D33F1846-A719-493D-BE42-C8C6AA9A1455}"
EndProject
Project("{8BC9CEB8-8B4A-11D0-8D11-00A0C91BC942}") = "Gray Image Simple Sharpen", "Gray Image Simple Sharpen\Gray Image Simple Sharpen.vcxproj", "{94604E51-4735-4CBC-9AA7-135299518D9F}"
EndProject
Project("{8BC9CEB8-8B4A-11D0-8D11-00A0C91BC942}") = "Barcode Quality Test", "Barcode Quality Test\Barcode Quality Test.vcxproj", "{E0114089-7136-4275-B48C-E02289C59CD3}"
EndProject
Project("{8BC9CEB8-8B4A-11D0-8D11-00A0C91BC942}") = "Code Color Type Correction", "Code Color Type Correction\Code Color Type Correction.vcxproj", "{8CD6F949-ED34-42D1-AE26-92EA76602971}"
EndProject
Project("{8BC9CEB8-8B4A-11D0-8D11-00A0C91BC942}") = "Gray Image Binaryzation", "Gray Image Binaryzation\Gray Image Binaryzation.vcxproj", "{D15E114A-610F-4B49-9C6E-F097011221F3}"
EndProject
Project("{8BC9CEB8-8B4A-11D0-8D11-00A0C91BC942}") = "Class Barcode Grade", "Class Barcode Grade\Class Barcode Grade.vcxproj", "{C97D34DF-C179-41BE-B800-444FB04C64C3}"
EndProject
Project("{8BC9CEB8-8B4A-11D0-8D11-00A0C91BC942}") = "Class Simple Gray Image Processing", "Class Simple Gray Image Processing\Class Simple Gray Image Processing.vcxproj", "{CA4E5D74-B3E5-4E73-9CE6-5E40DAC1BBAB}"
EndProject
Project("{8BC9CEB8-8B4A-11D0-8D11-00A0C91BC942}") = "libdmtxTest", "libdmtxTest\libdmtxTest.vcxproj", "{E11B5B37-5FF6-4EA3-85F8-345AAFBCA3CE}"
EndProject
Project("{8BC9CEB8-8B4A-11D0-8D11-00A0C91BC942}") = "libdmtx", "libdmtx-0.7.4\project\visualc9\libdmtx.vcxproj", "{B1283C12-8037-4688-815B-A7046E6737B7}"
EndProject
Project("{8BC9CEB8-8B4A-11D0-8D11-00A0C91BC942}") = "dmtxquery", "libdmtx-0.7.4\project\visualc9\dmtxquery.vcxproj", "{00F563B7-1B22-4923-A2F8-538230CB8217}"
EndProject
Project("{8BC9CEB8-8B4A-11D0-8D11-00A0C91BC942}") = "dmtxread", "libdmtx-0.7.4\project\visualc9\dmtxread.vcxproj", "{39CE9EB3-4E53-47A9-B607-5A7535F1FF71}"
EndProject
Project("{8BC9CEB8-8B4A-11D0-8D11-00A0C91BC942}") = "dmtxwrite", "libdmtx-0.7.4\project\visualc9\dmtxwrite.vcxproj", "{FBF4DDDF-1C5C-4284-BDFB-58AEFCFD41AB}"
EndProject
Project("{8BC9CEB8-8B4A-11D0-8D11-00A0C91BC942}") = "simple_test", "libdmtx-0.7.4\project\visualc9\simple_test.vcxproj", "{137F9AE0-78B9-4407-870F-F6DE41014EEE}"
EndProject
Project("{8BC9CEB8-8B4A-11D0-8D11-00A0C91BC942}") = "OpenCVTest", "OpenCVTest\OpenCVTest.vcxproj", "{6804EBE4-0089-4A88-9812-3AA70943190B}"
EndProject
Project("{8BC9CEB8-8B4A-11D0-8D11-00A0C91BC942}") = "ZBarTest", "ZBarTest\ZBarTest.vcxproj", "{07AC45F1-8EAF-4235-B444-AE2CDD17DE67}"
EndProject
Global
	GlobalSection(SolutionConfigurationPlatforms) = preSolution
		Debug|Any CPU = Debug|Any CPU
		Debug|x64 = Debug|x64
		Debug|x86 = Debug|x86
		Release|Any CPU = Release|Any CPU
		Release|x64 = Release|x64
		Release|x86 = Release|x86
	EndGlobalSection
	GlobalSection(ProjectConfigurationPlatforms) = postSolution
		{3D15F3FB-AB4D-49F1-935C-4893E11257F9}.Debug|Any CPU.ActiveCfg = Debug|Win32
		{3D15F3FB-AB4D-49F1-935C-4893E11257F9}.Debug|x64.ActiveCfg = Debug|x64
		{3D15F3FB-AB4D-49F1-935C-4893E11257F9}.Debug|x64.Build.0 = Debug|x64
		{3D15F3FB-AB4D-49F1-935C-4893E11257F9}.Debug|x86.ActiveCfg = Debug|Win32
		{3D15F3FB-AB4D-49F1-935C-4893E11257F9}.Debug|x86.Build.0 = Debug|Win32
		{3D15F3FB-AB4D-49F1-935C-4893E11257F9}.Release|Any CPU.ActiveCfg = Release|Win32
		{3D15F3FB-AB4D-49F1-935C-4893E11257F9}.Release|x64.ActiveCfg = Release|x64
		{3D15F3FB-AB4D-49F1-935C-4893E11257F9}.Release|x64.Build.0 = Release|x64
		{3D15F3FB-AB4D-49F1-935C-4893E11257F9}.Release|x86.ActiveCfg = Release|Win32
		{3D15F3FB-AB4D-49F1-935C-4893E11257F9}.Release|x86.Build.0 = Release|Win32
		{D33F1846-A719-493D-BE42-C8C6AA9A1455}.Debug|Any CPU.ActiveCfg = Debug|Win32
		{D33F1846-A719-493D-BE42-C8C6AA9A1455}.Debug|x64.ActiveCfg = Debug|x64
		{D33F1846-A719-493D-BE42-C8C6AA9A1455}.Debug|x64.Build.0 = Debug|x64
		{D33F1846-A719-493D-BE42-C8C6AA9A1455}.Debug|x86.ActiveCfg = Debug|Win32
		{D33F1846-A719-493D-BE42-C8C6AA9A1455}.Debug|x86.Build.0 = Debug|Win32
		{D33F1846-A719-493D-BE42-C8C6AA9A1455}.Release|Any CPU.ActiveCfg = Release|Win32
		{D33F1846-A719-493D-BE42-C8C6AA9A1455}.Release|x64.ActiveCfg = Release|x64
		{D33F1846-A719-493D-BE42-C8C6AA9A1455}.Release|x64.Build.0 = Release|x64
		{D33F1846-A719-493D-BE42-C8C6AA9A1455}.Release|x86.ActiveCfg = Release|Win32
		{D33F1846-A719-493D-BE42-C8C6AA9A1455}.Release|x86.Build.0 = Release|Win32
		{94604E51-4735-4CBC-9AA7-135299518D9F}.Debug|Any CPU.ActiveCfg = Debug|Win32
		{94604E51-4735-4CBC-9AA7-135299518D9F}.Debug|x64.ActiveCfg = Debug|x64
		{94604E51-4735-4CBC-9AA7-135299518D9F}.Debug|x64.Build.0 = Debug|x64
		{94604E51-4735-4CBC-9AA7-135299518D9F}.Debug|x86.ActiveCfg = Debug|Win32
		{94604E51-4735-4CBC-9AA7-135299518D9F}.Debug|x86.Build.0 = Debug|Win32
		{94604E51-4735-4CBC-9AA7-135299518D9F}.Release|Any CPU.ActiveCfg = Release|Win32
		{94604E51-4735-4CBC-9AA7-135299518D9F}.Release|x64.ActiveCfg = Release|x64
		{94604E51-4735-4CBC-9AA7-135299518D9F}.Release|x64.Build.0 = Release|x64
		{94604E51-4735-4CBC-9AA7-135299518D9F}.Release|x86.ActiveCfg = Release|Win32
		{94604E51-4735-4CBC-9AA7-135299518D9F}.Release|x86.Build.0 = Release|Win32
		{E0114089-7136-4275-B48C-E02289C59CD3}.Debug|Any CPU.ActiveCfg = Debug|Win32
		{E0114089-7136-4275-B48C-E02289C59CD3}.Debug|x64.ActiveCfg = Debug|x64
		{E0114089-7136-4275-B48C-E02289C59CD3}.Debug|x64.Build.0 = Debug|x64
		{E0114089-7136-4275-B48C-E02289C59CD3}.Debug|x86.ActiveCfg = Debug|Win32
		{E0114089-7136-4275-B48C-E02289C59CD3}.Debug|x86.Build.0 = Debug|Win32
		{E0114089-7136-4275-B48C-E02289C59CD3}.Release|Any CPU.ActiveCfg = Release|Win32
		{E0114089-7136-4275-B48C-E02289C59CD3}.Release|x64.ActiveCfg = Release|x64
		{E0114089-7136-4275-B48C-E02289C59CD3}.Release|x64.Build.0 = Release|x64
		{E0114089-7136-4275-B48C-E02289C59CD3}.Release|x86.ActiveCfg = Release|Win32
		{E0114089-7136-4275-B48C-E02289C59CD3}.Release|x86.Build.0 = Release|Win32
		{8CD6F949-ED34-42D1-AE26-92EA76602971}.Debug|Any CPU.ActiveCfg = Debug|Win32
		{8CD6F949-ED34-42D1-AE26-92EA76602971}.Debug|x64.ActiveCfg = Debug|x64
		{8CD6F949-ED34-42D1-AE26-92EA76602971}.Debug|x64.Build.0 = Debug|x64
		{8CD6F949-ED34-42D1-AE26-92EA76602971}.Debug|x86.ActiveCfg = Debug|Win32
		{8CD6F949-ED34-42D1-AE26-92EA76602971}.Debug|x86.Build.0 = Debug|Win32
		{8CD6F949-ED34-42D1-AE26-92EA76602971}.Release|Any CPU.ActiveCfg = Release|Win32
		{8CD6F949-ED34-42D1-AE26-92EA76602971}.Release|x64.ActiveCfg = Release|x64
		{8CD6F949-ED34-42D1-AE26-92EA76602971}.Release|x64.Build.0 = Release|x64
		{8CD6F949-ED34-42D1-AE26-92EA76602971}.Release|x86.ActiveCfg = Release|Win32
		{8CD6F949-ED34-42D1-AE26-92EA76602971}.Release|x86.Build.0 = Release|Win32
		{D15E114A-610F-4B49-9C6E-F097011221F3}.Debug|Any CPU.ActiveCfg = Debug|Win32
		{D15E114A-610F-4B49-9C6E-F097011221F3}.Debug|x64.ActiveCfg = Debug|x64
		{D15E114A-610F-4B49-9C6E-F097011221F3}.Debug|x64.Build.0 = Debug|x64
		{D15E114A-610F-4B49-9C6E-F097011221F3}.Debug|x86.ActiveCfg = Debug|Win32
		{D15E114A-610F-4B49-9C6E-F097011221F3}.Debug|x86.Build.0 = Debug|Win32
		{D15E114A-610F-4B49-9C6E-F097011221F3}.Release|Any CPU.ActiveCfg = Release|Win32
		{D15E114A-610F-4B49-9C6E-F097011221F3}.Release|x64.ActiveCfg = Release|x64
		{D15E114A-610F-4B49-9C6E-F097011221F3}.Release|x64.Build.0 = Release|x64
		{D15E114A-610F-4B49-9C6E-F097011221F3}.Release|x86.ActiveCfg = Release|Win32
		{D15E114A-610F-4B49-9C6E-F097011221F3}.Release|x86.Build.0 = Release|Win32
		{C97D34DF-C179-41BE-B800-444FB04C64C3}.Debug|Any CPU.ActiveCfg = Debug|Win32
		{C97D34DF-C179-41BE-B800-444FB04C64C3}.Debug|x64.ActiveCfg = Debug|x64
		{C97D34DF-C179-41BE-B800-444FB04C64C3}.Debug|x64.Build.0 = Debug|x64
		{C97D34DF-C179-41BE-B800-444FB04C64C3}.Debug|x86.ActiveCfg = Debug|Win32
		{C97D34DF-C179-41BE-B800-444FB04C64C3}.Debug|x86.Build.0 = Debug|Win32
		{C97D34DF-C179-41BE-B800-444FB04C64C3}.Release|Any CPU.ActiveCfg = Release|Win32
		{C97D34DF-C179-41BE-B800-444FB04C64C3}.Release|x64.ActiveCfg = Release|x64
		{C97D34DF-C179-41BE-B800-444FB04C64C3}.Release|x64.Build.0 = Release|x64
		{C97D34DF-C179-41BE-B800-444FB04C64C3}.Release|x86.ActiveCfg = Release|Win32
		{C97D34DF-C179-41BE-B800-444FB04C64C3}.Release|x86.Build.0 = Release|Win32
		{CA4E5D74-B3E5-4E73-9CE6-5E40DAC1BBAB}.Debug|Any CPU.ActiveCfg = Debug|Win32
		{CA4E5D74-B3E5-4E73-9CE6-5E40DAC1BBAB}.Debug|x64.ActiveCfg = Debug|x64
		{CA4E5D74-B3E5-4E73-9CE6-5E40DAC1BBAB}.Debug|x64.Build.0 = Debug|x64
		{CA4E5D74-B3E5-4E73-9CE6-5E40DAC1BBAB}.Debug|x86.ActiveCfg = Debug|Win32
		{CA4E5D74-B3E5-4E73-9CE6-5E40DAC1BBAB}.Debug|x86.Build.0 = Debug|Win32
		{CA4E5D74-B3E5-4E73-9CE6-5E40DAC1BBAB}.Release|Any CPU.ActiveCfg = Release|Win32
		{CA4E5D74-B3E5-4E73-9CE6-5E40DAC1BBAB}.Release|x64.ActiveCfg = Release|x64
		{CA4E5D74-B3E5-4E73-9CE6-5E40DAC1BBAB}.Release|x64.Build.0 = Release|x64
		{CA4E5D74-B3E5-4E73-9CE6-5E40DAC1BBAB}.Release|x86.ActiveCfg = Release|Win32
		{CA4E5D74-B3E5-4E73-9CE6-5E40DAC1BBAB}.Release|x86.Build.0 = Release|Win32
		{E11B5B37-5FF6-4EA3-85F8-345AAFBCA3CE}.Debug|Any CPU.ActiveCfg = Debug|Win32
		{E11B5B37-5FF6-4EA3-85F8-345AAFBCA3CE}.Debug|x64.ActiveCfg = Debug|x64
		{E11B5B37-5FF6-4EA3-85F8-345AAFBCA3CE}.Debug|x64.Build.0 = Debug|x64
		{E11B5B37-5FF6-4EA3-85F8-345AAFBCA3CE}.Debug|x86.ActiveCfg = Debug|Win32
		{E11B5B37-5FF6-4EA3-85F8-345AAFBCA3CE}.Debug|x86.Build.0 = Debug|Win32
		{E11B5B37-5FF6-4EA3-85F8-345AAFBCA3CE}.Release|Any CPU.ActiveCfg = Release|Win32
		{E11B5B37-5FF6-4EA3-85F8-345AAFBCA3CE}.Release|x64.ActiveCfg = Release|x64
		{E11B5B37-5FF6-4EA3-85F8-345AAFBCA3CE}.Release|x64.Build.0 = Release|x64
		{E11B5B37-5FF6-4EA3-85F8-345AAFBCA3CE}.Release|x86.ActiveCfg = Release|Win32
		{E11B5B37-5FF6-4EA3-85F8-345AAFBCA3CE}.Release|x86.Build.0 = Release|Win32
		{B1283C12-8037-4688-815B-A7046E6737B7}.Debug|Any CPU.ActiveCfg = Debug|Win32
		{B1283C12-8037-4688-815B-A7046E6737B7}.Debug|x64.ActiveCfg = Debug|Win32
		{B1283C12-8037-4688-815B-A7046E6737B7}.Debug|x86.ActiveCfg = Debug|Win32
		{B1283C12-8037-4688-815B-A7046E6737B7}.Debug|x86.Build.0 = Debug|Win32
		{B1283C12-8037-4688-815B-A7046E6737B7}.Release|Any CPU.ActiveCfg = Release|Win32
		{B1283C12-8037-4688-815B-A7046E6737B7}.Release|x64.ActiveCfg = Release|Win32
		{B1283C12-8037-4688-815B-A7046E6737B7}.Release|x86.ActiveCfg = Release|Win32
		{B1283C12-8037-4688-815B-A7046E6737B7}.Release|x86.Build.0 = Release|Win32
		{00F563B7-1B22-4923-A2F8-538230CB8217}.Debug|Any CPU.ActiveCfg = Debug|Win32
		{00F563B7-1B22-4923-A2F8-538230CB8217}.Debug|x64.ActiveCfg = Debug|Win32
		{00F563B7-1B22-4923-A2F8-538230CB8217}.Debug|x86.ActiveCfg = Debug|Win32
		{00F563B7-1B22-4923-A2F8-538230CB8217}.Debug|x86.Build.0 = Debug|Win32
		{00F563B7-1B22-4923-A2F8-538230CB8217}.Release|Any CPU.ActiveCfg = Release|Win32
		{00F563B7-1B22-4923-A2F8-538230CB8217}.Release|x64.ActiveCfg = Release|Win32
		{00F563B7-1B22-4923-A2F8-538230CB8217}.Release|x86.ActiveCfg = Release|Win32
		{00F563B7-1B22-4923-A2F8-538230CB8217}.Release|x86.Build.0 = Release|Win32
		{39CE9EB3-4E53-47A9-B607-5A7535F1FF71}.Debug|Any CPU.ActiveCfg = Debug|Win32
		{39CE9EB3-4E53-47A9-B607-5A7535F1FF71}.Debug|x64.ActiveCfg = Debug|Win32
		{39CE9EB3-4E53-47A9-B607-5A7535F1FF71}.Debug|x86.ActiveCfg = Debug|Win32
		{39CE9EB3-4E53-47A9-B607-5A7535F1FF71}.Debug|x86.Build.0 = Debug|Win32
		{39CE9EB3-4E53-47A9-B607-5A7535F1FF71}.Release|Any CPU.ActiveCfg = Release|Win32
		{39CE9EB3-4E53-47A9-B607-5A7535F1FF71}.Release|x64.ActiveCfg = Release|Win32
		{39CE9EB3-4E53-47A9-B607-5A7535F1FF71}.Release|x86.ActiveCfg = Release|Win32
		{39CE9EB3-4E53-47A9-B607-5A7535F1FF71}.Release|x86.Build.0 = Release|Win32
		{FBF4DDDF-1C5C-4284-BDFB-58AEFCFD41AB}.Debug|Any CPU.ActiveCfg = Debug|Win32
		{FBF4DDDF-1C5C-4284-BDFB-58AEFCFD41AB}.Debug|x64.ActiveCfg = Debug|Win32
		{FBF4DDDF-1C5C-4284-BDFB-58AEFCFD41AB}.Debug|x86.ActiveCfg = Debug|Win32
		{FBF4DDDF-1C5C-4284-BDFB-58AEFCFD41AB}.Debug|x86.Build.0 = Debug|Win32
		{FBF4DDDF-1C5C-4284-BDFB-58AEFCFD41AB}.Release|Any CPU.ActiveCfg = Release|Win32
		{FBF4DDDF-1C5C-4284-BDFB-58AEFCFD41AB}.Release|x64.ActiveCfg = Release|Win32
		{FBF4DDDF-1C5C-4284-BDFB-58AEFCFD41AB}.Release|x86.ActiveCfg = Release|Win32
		{FBF4DDDF-1C5C-4284-BDFB-58AEFCFD41AB}.Release|x86.Build.0 = Release|Win32
		{137F9AE0-78B9-4407-870F-F6DE41014EEE}.Debug|Any CPU.ActiveCfg = Debug|Win32
		{137F9AE0-78B9-4407-870F-F6DE41014EEE}.Debug|x64.ActiveCfg = Debug|Win32
		{137F9AE0-78B9-4407-870F-F6DE41014EEE}.Debug|x86.ActiveCfg = Debug|Win32
		{137F9AE0-78B9-4407-870F-F6DE41014EEE}.Debug|x86.Build.0 = Debug|Win32
		{137F9AE0-78B9-4407-870F-F6DE41014EEE}.Release|Any CPU.ActiveCfg = Release|Win32
		{137F9AE0-78B9-4407-870F-F6DE41014EEE}.Release|x64.ActiveCfg = Release|Win32
		{137F9AE0-78B9-4407-870F-F6DE41014EEE}.Release|x86.ActiveCfg = Release|Win32
		{137F9AE0-78B9-4407-870F-F6DE41014EEE}.Release|x86.Build.0 = Release|Win32
		{6804EBE4-0089-4A88-9812-3AA70943190B}.Debug|Any CPU.ActiveCfg = Debug|Win32
		{6804EBE4-0089-4A88-9812-3AA70943190B}.Debug|x64.ActiveCfg = Debug|x64
		{6804EBE4-0089-4A88-9812-3AA70943190B}.Debug|x64.Build.0 = Debug|x64
		{6804EBE4-0089-4A88-9812-3AA70943190B}.Debug|x86.ActiveCfg = Debug|Win32
		{6804EBE4-0089-4A88-9812-3AA70943190B}.Debug|x86.Build.0 = Debug|Win32
		{6804EBE4-0089-4A88-9812-3AA70943190B}.Release|Any CPU.ActiveCfg = Release|Win32
		{6804EBE4-0089-4A88-9812-3AA70943190B}.Release|x64.ActiveCfg = Release|x64
		{6804EBE4-0089-4A88-9812-3AA70943190B}.Release|x64.Build.0 = Release|x64
		{6804EBE4-0089-4A88-9812-3AA70943190B}.Release|x86.ActiveCfg = Release|Win32
		{6804EBE4-0089-4A88-9812-3AA70943190B}.Release|x86.Build.0 = Release|Win32
		{07AC45F1-8EAF-4235-B444-AE2CDD17DE67}.Debug|Any CPU.ActiveCfg = Debug|Win32
		{07AC45F1-8EAF-4235-B444-AE2CDD17DE67}.Debug|x64.ActiveCfg = Debug|x64
		{07AC45F1-8EAF-4235-B444-AE2CDD17DE67}.Debug|x64.Build.0 = Debug|x64
		{07AC45F1-8EAF-4235-B444-AE2CDD17DE67}.Debug|x86.ActiveCfg = Debug|Win32
		{07AC45F1-8EAF-4235-B444-AE2CDD17DE67}.Debug|x86.Build.0 = Debug|Win32
		{07AC45F1-8EAF-4235-B444-AE2CDD17DE67}.Release|Any CPU.ActiveCfg = Release|Win32
		{07AC45F1-8EAF-4235-B444-AE2CDD17DE67}.Release|x64.ActiveCfg = Release|x64
		{07AC45F1-8EAF-4235-B444-AE2CDD17DE67}.Release|x64.Build.0 = Release|x64
		{07AC45F1-8EAF-4235-B444-AE2CDD17DE67}.Release|x86.ActiveCfg = Release|Win32
		{07AC45F1-8EAF-4235-B444-AE2CDD17DE67}.Release|x86.Build.0 = Release|Win32
	EndGlobalSection
	GlobalSection(SolutionProperties) = preSolution
		HideSolutionNode = FALSE
	EndGlobalSection
EndGlobal
